{
  "pins" : [
    {
      "identity" : "windowreader",
      "kind" : "remoteSourceControl",
      "location" : "https://github.com/divadretlaw/WindowReader",
      "state" : {
        "revision" : "7e1f994df0ed26a7d7a139f1fce2537d2c931059",
        "version" : "2.0.0"
      }
    }
  ],
  "version" : 2
}
