{
  "pins" : [
    {
      "identity" : "windowreader",
      "kind" : "remoteSourceControl",
      "location" : "https://github.com/divadretlaw/WindowReader",
      "state" : {
        "revision" : "03c1db131e860315721e71501bb056c08c9c0153",
        "version" : "1.3.0"
      }
    }
  ],
  "version" : 2
}
